
Microsoft Visual Studio Solution File, Format Version 12.00
# Visual Studio Version 17
VisualStudioVersion = 17.6.33829.357
MinimumVisualStudioVersion = 10.0.40219.1
Project("{9A19103F-16F7-4668-BE54-9A1E7A4F7556}") = "StringAndCharacterExtension", "StringAndCharacterExtension.csproj", "{A362C9B4-EB98-4008-AC2A-D85135F31632}"
EndProject
Global
	GlobalSection(SolutionConfigurationPlatforms) = preSolution
		Debug|Any CPU = Debug|Any CPU
		Release|Any CPU = Release|Any CPU
	EndGlobalSection
	GlobalSection(ProjectConfigurationPlatforms) = postSolution
		{A362C9B4-EB98-4008-AC2A-D85135F31632}.Debug|Any CPU.ActiveCfg = Debug|Any CPU
		{A362C9B4-EB98-4008-AC2A-D85135F31632}.Debug|Any CPU.Build.0 = Debug|Any CPU
		{A362C9B4-EB98-4008-AC2A-D85135F31632}.Release|Any CPU.ActiveCfg = Release|Any CPU
		{A362C9B4-EB98-4008-AC2A-D85135F31632}.Release|Any CPU.Build.0 = Release|Any CPU
	EndGlobalSection
	GlobalSection(SolutionProperties) = preSolution
		HideSolutionNode = FALSE
	EndGlobalSection
	GlobalSection(ExtensibilityGlobals) = postSolution
		SolutionGuid = {7713B143-8F87-427E-8DE3-5BF22BC60854}
	EndGlobalSection
EndGlobal
